
Microsoft Visual Studio Solution File, Format Version 12.00
# Visual Studio 15
Project("{FAE04EC0-301F-11D3-BF4B-00C04F79EFBC}") = "NavMeshComponents", "NavMeshComponents.csproj", "{6D0BE40C-A4E6-83A2-928B-B5A7B714C910}"
EndProject
Project("{FAE04EC0-301F-11D3-BF4B-00C04F79EFBC}") = "Assembly-CSharp", "Assembly-CSharp.csproj", "{876DEE1F-090F-6E5A-B3C5-E92CF2A42689}"
EndProject
Project("{FAE04EC0-301F-11D3-BF4B-00C04F79EFBC}") = "NavMeshComponentsEditor", "NavMeshComponentsEditor.csproj", "{6F510885-2F28-C782-3BB4-A8F09C7BA7DE}"
EndProject
Project("{FAE04EC0-301F-11D3-BF4B-00C04F79EFBC}") = "Assembly-CSharp-Editor", "Assembly-CSharp-Editor.csproj", "{E6859859-06F2-BE65-9493-4FF663C5D3A1}"
EndProject
Global
	GlobalSection(SolutionConfigurationPlatforms) = preSolution
		Debug|Any CPU = Debug|Any CPU
		Release|Any CPU = Release|Any CPU
	EndGlobalSection
	GlobalSection(ProjectConfigurationPlatforms) = postSolution
		{6D0BE40C-A4E6-83A2-928B-B5A7B714C910}.Debug|Any CPU.ActiveCfg = Debug|Any CPU
		{6D0BE40C-A4E6-83A2-928B-B5A7B714C910}.Debug|Any CPU.Build.0 = Debug|Any CPU
		{6D0BE40C-A4E6-83A2-928B-B5A7B714C910}.Release|Any CPU.ActiveCfg = Release|Any CPU
		{6D0BE40C-A4E6-83A2-928B-B5A7B714C910}.Release|Any CPU.Build.0 = Release|Any CPU
		{876DEE1F-090F-6E5A-B3C5-E92CF2A42689}.Debug|Any CPU.ActiveCfg = Debug|Any CPU
		{876DEE1F-090F-6E5A-B3C5-E92CF2A42689}.Debug|Any CPU.Build.0 = Debug|Any CPU
		{876DEE1F-090F-6E5A-B3C5-E92CF2A42689}.Release|Any CPU.ActiveCfg = Release|Any CPU
		{876DEE1F-090F-6E5A-B3C5-E92CF2A42689}.Release|Any CPU.Build.0 = Release|Any CPU
		{6F510885-2F28-C782-3BB4-A8F09C7BA7DE}.Debug|Any CPU.ActiveCfg = Debug|Any CPU
		{6F510885-2F28-C782-3BB4-A8F09C7BA7DE}.Debug|Any CPU.Build.0 = Debug|Any CPU
		{6F510885-2F28-C782-3BB4-A8F09C7BA7DE}.Release|Any CPU.ActiveCfg = Release|Any CPU
		{6F510885-2F28-C782-3BB4-A8F09C7BA7DE}.Release|Any CPU.Build.0 = Release|Any CPU
		{E6859859-06F2-BE65-9493-4FF663C5D3A1}.Debug|Any CPU.ActiveCfg = Debug|Any CPU
		{E6859859-06F2-BE65-9493-4FF663C5D3A1}.Debug|Any CPU.Build.0 = Debug|Any CPU
		{E6859859-06F2-BE65-9493-4FF663C5D3A1}.Release|Any CPU.ActiveCfg = Release|Any CPU
		{E6859859-06F2-BE65-9493-4FF663C5D3A1}.Release|Any CPU.Build.0 = Release|Any CPU
	EndGlobalSection
	GlobalSection(SolutionProperties) = preSolution
		HideSolutionNode = FALSE
	EndGlobalSection
EndGlobal
